
Microsoft Visual Studio Solution File, Format Version 12.00
# Visual Studio Version 17
VisualStudioVersion = 17.11.35303.130
MinimumVisualStudioVersion = 10.0.40219.1
Project("{FAE04EC0-301F-11D3-BF4B-00C04F79EFBC}") = "PRACTICA 12.0", "PRACTICA 12.0\PRACTICA 12.0.csproj", "{AF429D84-A3A6-4C66-A5C0-8C0639CCA8B8}"
EndProject
Global
	GlobalSection(SolutionConfigurationPlatforms) = preSolution
		Debug|Any CPU = Debug|Any CPU
		Release|Any CPU = Release|Any CPU
	EndGlobalSection
	GlobalSection(ProjectConfigurationPlatforms) = postSolution
		{AF429D84-A3A6-4C66-A5C0-8C0639CCA8B8}.Debug|Any CPU.ActiveCfg = Debug|Any CPU
		{AF429D84-A3A6-4C66-A5C0-8C0639CCA8B8}.Debug|Any CPU.Build.0 = Debug|Any CPU
		{AF429D84-A3A6-4C66-A5C0-8C0639CCA8B8}.Release|Any CPU.ActiveCfg = Release|Any CPU
		{AF429D84-A3A6-4C66-A5C0-8C0639CCA8B8}.Release|Any CPU.Build.0 = Release|Any CPU
	EndGlobalSection
	GlobalSection(SolutionProperties) = preSolution
		HideSolutionNode = FALSE
	EndGlobalSection
	GlobalSection(ExtensibilityGlobals) = postSolution
		SolutionGuid = {81190AE9-DF55-4545-ABAA-F7FFCDFEDD90}
	EndGlobalSection
EndGlobal
